
Microsoft Visual Studio Solution File, Format Version 12.00
# Visual Studio Version 16
VisualStudioVersion = 25.0.1706.7
MinimumVisualStudioVersion = 10.0.40219.1
Project("{FAE04EC0-301F-11D3-BF4B-00C04F79EFBC}") = "ERPApi", "ERPApi\ERPApi.csproj", "{DA972D2F-27F2-497E-870F-412544A4709B}"
EndProject
Global
	GlobalSection(SolutionConfigurationPlatforms) = preSolution
		Debug|Any CPU = Debug|Any CPU
		Release|Any CPU = Release|Any CPU
	EndGlobalSection
	GlobalSection(ProjectConfigurationPlatforms) = postSolution
		{DA972D2F-27F2-497E-870F-412544A4709B}.Debug|Any CPU.ActiveCfg = Debug|Any CPU
		{DA972D2F-27F2-497E-870F-412544A4709B}.Debug|Any CPU.Build.0 = Debug|Any CPU
		{DA972D2F-27F2-497E-870F-412544A4709B}.Release|Any CPU.ActiveCfg = Release|Any CPU
		{DA972D2F-27F2-497E-870F-412544A4709B}.Release|Any CPU.Build.0 = Release|Any CPU
	EndGlobalSection
	GlobalSection(SolutionProperties) = preSolution
		HideSolutionNode = FALSE
	EndGlobalSection
	GlobalSection(ExtensibilityGlobals) = postSolution
		SolutionGuid = {2882BEF4-3301-4FED-8A30-4AEEDB8FEE9D}
	EndGlobalSection
EndGlobal
